
Microsoft Visual Studio Solution File, Format Version 12.00
# Visual Studio Version 17
VisualStudioVersion = 17.9.34622.214
MinimumVisualStudioVersion = 10.0.40219.1
Project("{FAE04EC0-301F-11D3-BF4B-00C04F79EFBC}") = "CallByValue", "CallByValue\CallByValue.csproj", "{3560D981-096E-4425-8B49-5CB00D8AA086}"
EndProject
Global
	GlobalSection(SolutionConfigurationPlatforms) = preSolution
		Debug|Any CPU = Debug|Any CPU
		Release|Any CPU = Release|Any CPU
	EndGlobalSection
	GlobalSection(ProjectConfigurationPlatforms) = postSolution
		{3560D981-096E-4425-8B49-5CB00D8AA086}.Debug|Any CPU.ActiveCfg = Debug|Any CPU
		{3560D981-096E-4425-8B49-5CB00D8AA086}.Debug|Any CPU.Build.0 = Debug|Any CPU
		{3560D981-096E-4425-8B49-5CB00D8AA086}.Release|Any CPU.ActiveCfg = Release|Any CPU
		{3560D981-096E-4425-8B49-5CB00D8AA086}.Release|Any CPU.Build.0 = Release|Any CPU
	EndGlobalSection
	GlobalSection(SolutionProperties) = preSolution
		HideSolutionNode = FALSE
	EndGlobalSection
	GlobalSection(ExtensibilityGlobals) = postSolution
		SolutionGuid = {99BFAB1C-7EB2-4998-ACB0-8EACA4228658}
	EndGlobalSection
EndGlobal
