
Microsoft Visual Studio Solution File, Format Version 12.00
# Visual Studio Version 17
VisualStudioVersion = 17.9.34622.214
MinimumVisualStudioVersion = 10.0.40219.1
Project("{FAE04EC0-301F-11D3-BF4B-00C04F79EFBC}") = "functionWithoutArgAndWithReturnValue", "functionWithoutArgAndWithReturnValue\functionWithoutArgAndWithReturnValue.csproj", "{4BFA7B1F-B82E-431C-B69D-13B70F7F3FE1}"
EndProject
Global
	GlobalSection(SolutionConfigurationPlatforms) = preSolution
		Debug|Any CPU = Debug|Any CPU
		Release|Any CPU = Release|Any CPU
	EndGlobalSection
	GlobalSection(ProjectConfigurationPlatforms) = postSolution
		{4BFA7B1F-B82E-431C-B69D-13B70F7F3FE1}.Debug|Any CPU.ActiveCfg = Debug|Any CPU
		{4BFA7B1F-B82E-431C-B69D-13B70F7F3FE1}.Debug|Any CPU.Build.0 = Debug|Any CPU
		{4BFA7B1F-B82E-431C-B69D-13B70F7F3FE1}.Release|Any CPU.ActiveCfg = Release|Any CPU
		{4BFA7B1F-B82E-431C-B69D-13B70F7F3FE1}.Release|Any CPU.Build.0 = Release|Any CPU
	EndGlobalSection
	GlobalSection(SolutionProperties) = preSolution
		HideSolutionNode = FALSE
	EndGlobalSection
	GlobalSection(ExtensibilityGlobals) = postSolution
		SolutionGuid = {D0CCAA89-ABF7-454B-A79D-9D003E7E1E90}
	EndGlobalSection
EndGlobal
