
Microsoft Visual Studio Solution File, Format Version 12.00
# Visual Studio Version 17
VisualStudioVersion = 17.9.34622.214
MinimumVisualStudioVersion = 10.0.40219.1
Project("{FAE04EC0-301F-11D3-BF4B-00C04F79EFBC}") = "GreatestOf3NestedIfElse", "GreatestOf3NestedIfElse\GreatestOf3NestedIfElse.csproj", "{61ED202B-2F0C-4A3E-8A68-FDD5AB450A33}"
EndProject
Global
	GlobalSection(SolutionConfigurationPlatforms) = preSolution
		Debug|Any CPU = Debug|Any CPU
		Release|Any CPU = Release|Any CPU
	EndGlobalSection
	GlobalSection(ProjectConfigurationPlatforms) = postSolution
		{61ED202B-2F0C-4A3E-8A68-FDD5AB450A33}.Debug|Any CPU.ActiveCfg = Debug|Any CPU
		{61ED202B-2F0C-4A3E-8A68-FDD5AB450A33}.Debug|Any CPU.Build.0 = Debug|Any CPU
		{61ED202B-2F0C-4A3E-8A68-FDD5AB450A33}.Release|Any CPU.ActiveCfg = Release|Any CPU
		{61ED202B-2F0C-4A3E-8A68-FDD5AB450A33}.Release|Any CPU.Build.0 = Release|Any CPU
	EndGlobalSection
	GlobalSection(SolutionProperties) = preSolution
		HideSolutionNode = FALSE
	EndGlobalSection
	GlobalSection(ExtensibilityGlobals) = postSolution
		SolutionGuid = {A7A35C80-1531-4C2D-8B4D-24674C90CADD}
	EndGlobalSection
EndGlobal
