
Microsoft Visual Studio Solution File, Format Version 12.00
# Visual Studio Version 17
VisualStudioVersion = 17.9.34622.214
MinimumVisualStudioVersion = 10.0.40219.1
Project("{FAE04EC0-301F-11D3-BF4B-00C04F79EFBC}") = "ForeachExample", "ForeachExample\ForeachExample.csproj", "{C9D3E8AD-87BF-427C-BDCF-F2A1DAA46E89}"
EndProject
Global
	GlobalSection(SolutionConfigurationPlatforms) = preSolution
		Debug|Any CPU = Debug|Any CPU
		Release|Any CPU = Release|Any CPU
	EndGlobalSection
	GlobalSection(ProjectConfigurationPlatforms) = postSolution
		{C9D3E8AD-87BF-427C-BDCF-F2A1DAA46E89}.Debug|Any CPU.ActiveCfg = Debug|Any CPU
		{C9D3E8AD-87BF-427C-BDCF-F2A1DAA46E89}.Debug|Any CPU.Build.0 = Debug|Any CPU
		{C9D3E8AD-87BF-427C-BDCF-F2A1DAA46E89}.Release|Any CPU.ActiveCfg = Release|Any CPU
		{C9D3E8AD-87BF-427C-BDCF-F2A1DAA46E89}.Release|Any CPU.Build.0 = Release|Any CPU
	EndGlobalSection
	GlobalSection(SolutionProperties) = preSolution
		HideSolutionNode = FALSE
	EndGlobalSection
	GlobalSection(ExtensibilityGlobals) = postSolution
		SolutionGuid = {36906B2A-E406-4772-B2E8-2D369C832C26}
	EndGlobalSection
EndGlobal
