
Microsoft Visual Studio Solution File, Format Version 12.00
# Visual Studio Version 17
VisualStudioVersion = 17.9.34622.214
MinimumVisualStudioVersion = 10.0.40219.1
Project("{FAE04EC0-301F-11D3-BF4B-00C04F79EFBC}") = "ArithemeticOperation", "ArithemeticOperation\ArithemeticOperation.csproj", "{9660DA55-CDF4-4184-BA6E-7064AF75BA03}"
EndProject
Global
	GlobalSection(SolutionConfigurationPlatforms) = preSolution
		Debug|Any CPU = Debug|Any CPU
		Release|Any CPU = Release|Any CPU
	EndGlobalSection
	GlobalSection(ProjectConfigurationPlatforms) = postSolution
		{9660DA55-CDF4-4184-BA6E-7064AF75BA03}.Debug|Any CPU.ActiveCfg = Debug|Any CPU
		{9660DA55-CDF4-4184-BA6E-7064AF75BA03}.Debug|Any CPU.Build.0 = Debug|Any CPU
		{9660DA55-CDF4-4184-BA6E-7064AF75BA03}.Release|Any CPU.ActiveCfg = Release|Any CPU
		{9660DA55-CDF4-4184-BA6E-7064AF75BA03}.Release|Any CPU.Build.0 = Release|Any CPU
	EndGlobalSection
	GlobalSection(SolutionProperties) = preSolution
		HideSolutionNode = FALSE
	EndGlobalSection
	GlobalSection(ExtensibilityGlobals) = postSolution
		SolutionGuid = {19699882-FA25-4D3A-9C2A-44C79A47D8AF}
	EndGlobalSection
EndGlobal
